
Microsoft Visual Studio Solution File, Format Version 12.00
# Visual Studio Version 17
VisualStudioVersion = 17.1.32210.238
MinimumVisualStudioVersion = 10.0.40219.1
Project("{2150E333-8FDC-42A3-9474-1A3956D46DE8}") = "ShopManagement", "ShopManagement", "{4D3A561E-8C70-4D7A-AA5A-BE5F5ACDDF9E}"
EndProject
Project("{2150E333-8FDC-42A3-9474-1A3956D46DE8}") = "SM.Domain", "SM.Domain", "{990C76E4-8331-4C4F-B9FC-340790F7FF5A}"
EndProject
Project("{9A19103F-16F7-4668-BE54-9A1E7A4F7556}") = "ShopManagement.Domain", "ShopManagement.Domain\ShopManagement.Domain.csproj", "{717C87CF-5D81-4E68-AB43-FB2DDA34DFB9}"
EndProject
Project("{9A19103F-16F7-4668-BE54-9A1E7A4F7556}") = "0_FrameWork", "0_FrameWork\0_FrameWork.csproj", "{EBA71B86-04BB-4B7B-BCB5-B878CEEE6F1D}"
EndProject
Project("{2150E333-8FDC-42A3-9474-1A3956D46DE8}") = "SM.Application", "SM.Application", "{FA37CB1E-91B7-4B6A-A89C-3BCC073021B5}"
EndProject
Project("{9A19103F-16F7-4668-BE54-9A1E7A4F7556}") = "ShopManagement.Application.Contract", "ShopManagement.Application.Contract\ShopManagement.Application.Contract.csproj", "{D1DE5CB1-C093-4E8A-9CAC-ED87F33251B3}"
EndProject
Project("{9A19103F-16F7-4668-BE54-9A1E7A4F7556}") = "ShopManagement.Application", "ShopManagement.Application\ShopManagement.Application.csproj", "{38C60BDC-AA96-48C7-9410-E1F6942CFE97}"
EndProject
Project("{2150E333-8FDC-42A3-9474-1A3956D46DE8}") = "SM.Insfracture", "SM.Insfracture", "{FA861D13-6B7F-450E-8499-37D8DF185CD6}"
EndProject
Project("{9A19103F-16F7-4668-BE54-9A1E7A4F7556}") = "ShopManagement.Infrastructure.EFCore", "ShopManagementM.Infrastructure.EFCore\ShopManagement.Infrastructure.EFCore.csproj", "{53424F58-82AD-4CDC-99BE-A9243608CDCD}"
EndProject
Project("{9A19103F-16F7-4668-BE54-9A1E7A4F7556}") = "ShopManagement.Configuration", "ShopManagement.Configuration\ShopManagement.Configuration.csproj", "{44A72286-954B-4B7B-8209-2C6E23FC9809}"
EndProject
Project("{9A19103F-16F7-4668-BE54-9A1E7A4F7556}") = "ServiceHost", "ServiceHost\ServiceHost.csproj", "{7717B9CA-488F-453E-9676-7ACA6E277DC8}"
EndProject
Project("{9A19103F-16F7-4668-BE54-9A1E7A4F7556}") = "01_LampShadeQuery", "01_LampShadeQuery\01_LampShadeQuery.csproj", "{8788186E-63FF-4E4E-9480-1CD24711C61C}"
EndProject
Project("{2150E333-8FDC-42A3-9474-1A3956D46DE8}") = "DiscountManagement", "DiscountManagement", "{21CBEE13-74B2-4034-B9D6-66DAB9379DB4}"
EndProject
Project("{2150E333-8FDC-42A3-9474-1A3956D46DE8}") = "DM.Domain", "DM.Domain", "{0812593F-2E75-4CA4-A9AA-0F53C87CD7C3}"
EndProject
Project("{9A19103F-16F7-4668-BE54-9A1E7A4F7556}") = "DiscountManagement.Domain", "DiscountManagement.Domain\DiscountManagement.Domain.csproj", "{D5992A1F-6EE1-4049-8513-FA70D53E5C03}"
EndProject
Project("{2150E333-8FDC-42A3-9474-1A3956D46DE8}") = "DM.Application", "DM.Application", "{204D8AB3-1A18-4151-B530-4CD4ABA5B5A1}"
EndProject
Project("{9A19103F-16F7-4668-BE54-9A1E7A4F7556}") = "DiscountManagement.Application.Contract", "DiscountManagement.Application.Contract\DiscountManagement.Application.Contract.csproj", "{B2B4818A-CAF4-429C-A609-91EFBFD5C2AB}"
EndProject
Project("{9A19103F-16F7-4668-BE54-9A1E7A4F7556}") = "DiscountManagement.Application", "DiscountManagement.Application\DiscountManagement.Application.csproj", "{8646DFEA-772F-465C-BAEC-D6009A245B25}"
EndProject
Project("{2150E333-8FDC-42A3-9474-1A3956D46DE8}") = "DM.Infrastructure", "DM.Infrastructure", "{31736361-C13E-468F-BE52-66A6BF74DC49}"
EndProject
Project("{9A19103F-16F7-4668-BE54-9A1E7A4F7556}") = "DiscountManagement.Infrastructure.EFCore", "DiscountManagement.Infrastructure.EFCore\DiscountManagement.Infrastructure.EFCore.csproj", "{221B6DD6-A0CB-4DC9-9D3B-4D7DFC5A1BE5}"
EndProject
Project("{FAE04EC0-301F-11D3-BF4B-00C04F79EFBC}") = "DiscountManagement.Configuration", "DiscountManagement.Configuration\DiscountManagement.Configuration.csproj", "{933E4FD2-A0F1-4273-9E24-2DBE1A3A4615}"
EndProject
Global
	GlobalSection(SolutionConfigurationPlatforms) = preSolution
		Debug|Any CPU = Debug|Any CPU
		Release|Any CPU = Release|Any CPU
	EndGlobalSection
	GlobalSection(ProjectConfigurationPlatforms) = postSolution
		{717C87CF-5D81-4E68-AB43-FB2DDA34DFB9}.Debug|Any CPU.ActiveCfg = Debug|Any CPU
		{717C87CF-5D81-4E68-AB43-FB2DDA34DFB9}.Debug|Any CPU.Build.0 = Debug|Any CPU
		{717C87CF-5D81-4E68-AB43-FB2DDA34DFB9}.Release|Any CPU.ActiveCfg = Release|Any CPU
		{717C87CF-5D81-4E68-AB43-FB2DDA34DFB9}.Release|Any CPU.Build.0 = Release|Any CPU
		{EBA71B86-04BB-4B7B-BCB5-B878CEEE6F1D}.Debug|Any CPU.ActiveCfg = Debug|Any CPU
		{EBA71B86-04BB-4B7B-BCB5-B878CEEE6F1D}.Debug|Any CPU.Build.0 = Debug|Any CPU
		{EBA71B86-04BB-4B7B-BCB5-B878CEEE6F1D}.Release|Any CPU.ActiveCfg = Release|Any CPU
		{EBA71B86-04BB-4B7B-BCB5-B878CEEE6F1D}.Release|Any CPU.Build.0 = Release|Any CPU
		{D1DE5CB1-C093-4E8A-9CAC-ED87F33251B3}.Debug|Any CPU.ActiveCfg = Debug|Any CPU
		{D1DE5CB1-C093-4E8A-9CAC-ED87F33251B3}.Debug|Any CPU.Build.0 = Debug|Any CPU
		{D1DE5CB1-C093-4E8A-9CAC-ED87F33251B3}.Release|Any CPU.ActiveCfg = Release|Any CPU
		{D1DE5CB1-C093-4E8A-9CAC-ED87F33251B3}.Release|Any CPU.Build.0 = Release|Any CPU
		{38C60BDC-AA96-48C7-9410-E1F6942CFE97}.Debug|Any CPU.ActiveCfg = Debug|Any CPU
		{38C60BDC-AA96-48C7-9410-E1F6942CFE97}.Debug|Any CPU.Build.0 = Debug|Any CPU
		{38C60BDC-AA96-48C7-9410-E1F6942CFE97}.Release|Any CPU.ActiveCfg = Release|Any CPU
		{38C60BDC-AA96-48C7-9410-E1F6942CFE97}.Release|Any CPU.Build.0 = Release|Any CPU
		{53424F58-82AD-4CDC-99BE-A9243608CDCD}.Debug|Any CPU.ActiveCfg = Debug|Any CPU
		{53424F58-82AD-4CDC-99BE-A9243608CDCD}.Debug|Any CPU.Build.0 = Debug|Any CPU
		{53424F58-82AD-4CDC-99BE-A9243608CDCD}.Release|Any CPU.ActiveCfg = Release|Any CPU
		{53424F58-82AD-4CDC-99BE-A9243608CDCD}.Release|Any CPU.Build.0 = Release|Any CPU
		{44A72286-954B-4B7B-8209-2C6E23FC9809}.Debug|Any CPU.ActiveCfg = Debug|Any CPU
		{44A72286-954B-4B7B-8209-2C6E23FC9809}.Debug|Any CPU.Build.0 = Debug|Any CPU
		{44A72286-954B-4B7B-8209-2C6E23FC9809}.Release|Any CPU.ActiveCfg = Release|Any CPU
		{44A72286-954B-4B7B-8209-2C6E23FC9809}.Release|Any CPU.Build.0 = Release|Any CPU
		{7717B9CA-488F-453E-9676-7ACA6E277DC8}.Debug|Any CPU.ActiveCfg = Debug|Any CPU
		{7717B9CA-488F-453E-9676-7ACA6E277DC8}.Debug|Any CPU.Build.0 = Debug|Any CPU
		{7717B9CA-488F-453E-9676-7ACA6E277DC8}.Release|Any CPU.ActiveCfg = Release|Any CPU
		{7717B9CA-488F-453E-9676-7ACA6E277DC8}.Release|Any CPU.Build.0 = Release|Any CPU
		{8788186E-63FF-4E4E-9480-1CD24711C61C}.Debug|Any CPU.ActiveCfg = Debug|Any CPU
		{8788186E-63FF-4E4E-9480-1CD24711C61C}.Debug|Any CPU.Build.0 = Debug|Any CPU
		{8788186E-63FF-4E4E-9480-1CD24711C61C}.Release|Any CPU.ActiveCfg = Release|Any CPU
		{8788186E-63FF-4E4E-9480-1CD24711C61C}.Release|Any CPU.Build.0 = Release|Any CPU
		{D5992A1F-6EE1-4049-8513-FA70D53E5C03}.Debug|Any CPU.ActiveCfg = Debug|Any CPU
		{D5992A1F-6EE1-4049-8513-FA70D53E5C03}.Debug|Any CPU.Build.0 = Debug|Any CPU
		{D5992A1F-6EE1-4049-8513-FA70D53E5C03}.Release|Any CPU.ActiveCfg = Release|Any CPU
		{D5992A1F-6EE1-4049-8513-FA70D53E5C03}.Release|Any CPU.Build.0 = Release|Any CPU
		{B2B4818A-CAF4-429C-A609-91EFBFD5C2AB}.Debug|Any CPU.ActiveCfg = Debug|Any CPU
		{B2B4818A-CAF4-429C-A609-91EFBFD5C2AB}.Debug|Any CPU.Build.0 = Debug|Any CPU
		{B2B4818A-CAF4-429C-A609-91EFBFD5C2AB}.Release|Any CPU.ActiveCfg = Release|Any CPU
		{B2B4818A-CAF4-429C-A609-91EFBFD5C2AB}.Release|Any CPU.Build.0 = Release|Any CPU
		{8646DFEA-772F-465C-BAEC-D6009A245B25}.Debug|Any CPU.ActiveCfg = Debug|Any CPU
		{8646DFEA-772F-465C-BAEC-D6009A245B25}.Debug|Any CPU.Build.0 = Debug|Any CPU
		{8646DFEA-772F-465C-BAEC-D6009A245B25}.Release|Any CPU.ActiveCfg = Release|Any CPU
		{8646DFEA-772F-465C-BAEC-D6009A245B25}.Release|Any CPU.Build.0 = Release|Any CPU
		{221B6DD6-A0CB-4DC9-9D3B-4D7DFC5A1BE5}.Debug|Any CPU.ActiveCfg = Debug|Any CPU
		{221B6DD6-A0CB-4DC9-9D3B-4D7DFC5A1BE5}.Debug|Any CPU.Build.0 = Debug|Any CPU
		{221B6DD6-A0CB-4DC9-9D3B-4D7DFC5A1BE5}.Release|Any CPU.ActiveCfg = Release|Any CPU
		{221B6DD6-A0CB-4DC9-9D3B-4D7DFC5A1BE5}.Release|Any CPU.Build.0 = Release|Any CPU
		{933E4FD2-A0F1-4273-9E24-2DBE1A3A4615}.Debug|Any CPU.ActiveCfg = Debug|Any CPU
		{933E4FD2-A0F1-4273-9E24-2DBE1A3A4615}.Debug|Any CPU.Build.0 = Debug|Any CPU
		{933E4FD2-A0F1-4273-9E24-2DBE1A3A4615}.Release|Any CPU.ActiveCfg = Release|Any CPU
		{933E4FD2-A0F1-4273-9E24-2DBE1A3A4615}.Release|Any CPU.Build.0 = Release|Any CPU
	EndGlobalSection
	GlobalSection(SolutionProperties) = preSolution
		HideSolutionNode = FALSE
	EndGlobalSection
	GlobalSection(NestedProjects) = preSolution
		{990C76E4-8331-4C4F-B9FC-340790F7FF5A} = {4D3A561E-8C70-4D7A-AA5A-BE5F5ACDDF9E}
		{717C87CF-5D81-4E68-AB43-FB2DDA34DFB9} = {990C76E4-8331-4C4F-B9FC-340790F7FF5A}
		{FA37CB1E-91B7-4B6A-A89C-3BCC073021B5} = {4D3A561E-8C70-4D7A-AA5A-BE5F5ACDDF9E}
		{D1DE5CB1-C093-4E8A-9CAC-ED87F33251B3} = {FA37CB1E-91B7-4B6A-A89C-3BCC073021B5}
		{38C60BDC-AA96-48C7-9410-E1F6942CFE97} = {FA37CB1E-91B7-4B6A-A89C-3BCC073021B5}
		{FA861D13-6B7F-450E-8499-37D8DF185CD6} = {4D3A561E-8C70-4D7A-AA5A-BE5F5ACDDF9E}
		{53424F58-82AD-4CDC-99BE-A9243608CDCD} = {FA861D13-6B7F-450E-8499-37D8DF185CD6}
		{44A72286-954B-4B7B-8209-2C6E23FC9809} = {FA861D13-6B7F-450E-8499-37D8DF185CD6}
		{0812593F-2E75-4CA4-A9AA-0F53C87CD7C3} = {21CBEE13-74B2-4034-B9D6-66DAB9379DB4}
		{D5992A1F-6EE1-4049-8513-FA70D53E5C03} = {0812593F-2E75-4CA4-A9AA-0F53C87CD7C3}
		{204D8AB3-1A18-4151-B530-4CD4ABA5B5A1} = {21CBEE13-74B2-4034-B9D6-66DAB9379DB4}
		{B2B4818A-CAF4-429C-A609-91EFBFD5C2AB} = {204D8AB3-1A18-4151-B530-4CD4ABA5B5A1}
		{8646DFEA-772F-465C-BAEC-D6009A245B25} = {204D8AB3-1A18-4151-B530-4CD4ABA5B5A1}
		{31736361-C13E-468F-BE52-66A6BF74DC49} = {21CBEE13-74B2-4034-B9D6-66DAB9379DB4}
		{221B6DD6-A0CB-4DC9-9D3B-4D7DFC5A1BE5} = {31736361-C13E-468F-BE52-66A6BF74DC49}
		{933E4FD2-A0F1-4273-9E24-2DBE1A3A4615} = {31736361-C13E-468F-BE52-66A6BF74DC49}
	EndGlobalSection
	GlobalSection(ExtensibilityGlobals) = postSolution
		SolutionGuid = {C884AB55-B1CA-44D9-9FBD-CF3941217C00}
	EndGlobalSection
EndGlobal
