
Microsoft Visual Studio Solution File, Format Version 12.00
# Visual Studio Version 17
VisualStudioVersion = 17.1.32210.238
MinimumVisualStudioVersion = 10.0.40219.1
Project("{2150E333-8FDC-42A3-9474-1A3956D46DE8}") = "ShopManagement", "ShopManagement", "{4D3A561E-8C70-4D7A-AA5A-BE5F5ACDDF9E}"
EndProject
Project("{2150E333-8FDC-42A3-9474-1A3956D46DE8}") = "SM.Domain", "SM.Domain", "{990C76E4-8331-4C4F-B9FC-340790F7FF5A}"
EndProject
Project("{9A19103F-16F7-4668-BE54-9A1E7A4F7556}") = "ShopManagement.Domain", "ShopManagement.Domain\ShopManagement.Domain.csproj", "{717C87CF-5D81-4E68-AB43-FB2DDA34DFB9}"
EndProject
Project("{9A19103F-16F7-4668-BE54-9A1E7A4F7556}") = "0_FrameWork", "0_FrameWork\0_FrameWork.csproj", "{EBA71B86-04BB-4B7B-BCB5-B878CEEE6F1D}"
EndProject
Project("{2150E333-8FDC-42A3-9474-1A3956D46DE8}") = "SM.Application", "SM.Application", "{FA37CB1E-91B7-4B6A-A89C-3BCC073021B5}"
EndProject
Project("{9A19103F-16F7-4668-BE54-9A1E7A4F7556}") = "ShopManagement.Application.Contract", "ShopManagement.Application.Contract\ShopManagement.Application.Contract.csproj", "{D1DE5CB1-C093-4E8A-9CAC-ED87F33251B3}"
EndProject
Project("{9A19103F-16F7-4668-BE54-9A1E7A4F7556}") = "ShopManagement.Application", "ShopManagement.Application\ShopManagement.Application.csproj", "{38C60BDC-AA96-48C7-9410-E1F6942CFE97}"
EndProject
Project("{2150E333-8FDC-42A3-9474-1A3956D46DE8}") = "SM.Insfracture", "SM.Insfracture", "{FA861D13-6B7F-450E-8499-37D8DF185CD6}"
EndProject
Project("{9A19103F-16F7-4668-BE54-9A1E7A4F7556}") = "ShopManagement.Infrastructure.EFCore", "ShopManagementM.Infrastructure.EFCore\ShopManagement.Infrastructure.EFCore.csproj", "{53424F58-82AD-4CDC-99BE-A9243608CDCD}"
EndProject
Project("{9A19103F-16F7-4668-BE54-9A1E7A4F7556}") = "ShopManagement.Configuration", "ShopManagement.Configuration\ShopManagement.Configuration.csproj", "{44A72286-954B-4B7B-8209-2C6E23FC9809}"
EndProject
Project("{9A19103F-16F7-4668-BE54-9A1E7A4F7556}") = "ServiceHost", "ServiceHost\ServiceHost.csproj", "{7717B9CA-488F-453E-9676-7ACA6E277DC8}"
EndProject
Project("{9A19103F-16F7-4668-BE54-9A1E7A4F7556}") = "01_LampShadeQuery", "01_LampShadeQuery\01_LampShadeQuery.csproj", "{8788186E-63FF-4E4E-9480-1CD24711C61C}"
EndProject
Project("{2150E333-8FDC-42A3-9474-1A3956D46DE8}") = "DiscountManagement", "DiscountManagement", "{21CBEE13-74B2-4034-B9D6-66DAB9379DB4}"
EndProject
Project("{2150E333-8FDC-42A3-9474-1A3956D46DE8}") = "DM.Domain", "DM.Domain", "{0812593F-2E75-4CA4-A9AA-0F53C87CD7C3}"
EndProject
Project("{9A19103F-16F7-4668-BE54-9A1E7A4F7556}") = "DiscountManagement.Domain", "DiscountManagement.Domain\DiscountManagement.Domain.csproj", "{D5992A1F-6EE1-4049-8513-FA70D53E5C03}"
EndProject
Project("{2150E333-8FDC-42A3-9474-1A3956D46DE8}") = "DM.Application", "DM.Application", "{204D8AB3-1A18-4151-B530-4CD4ABA5B5A1}"
EndProject
Project("{9A19103F-16F7-4668-BE54-9A1E7A4F7556}") = "DiscountManagement.Application.Contract", "DiscountManagement.Application.Contract\DiscountManagement.Application.Contract.csproj", "{B2B4818A-CAF4-429C-A609-91EFBFD5C2AB}"
EndProject
Project("{9A19103F-16F7-4668-BE54-9A1E7A4F7556}") = "DiscountManagement.Application", "DiscountManagement.Application\DiscountManagement.Application.csproj", "{8646DFEA-772F-465C-BAEC-D6009A245B25}"
EndProject
Project("{2150E333-8FDC-42A3-9474-1A3956D46DE8}") = "DM.Infrastructure", "DM.Infrastructure", "{31736361-C13E-468F-BE52-66A6BF74DC49}"
EndProject
Project("{9A19103F-16F7-4668-BE54-9A1E7A4F7556}") = "DiscountManagement.Infrastructure.EFCore", "DiscountManagement.Infrastructure.EFCore\DiscountManagement.Infrastructure.EFCore.csproj", "{221B6DD6-A0CB-4DC9-9D3B-4D7DFC5A1BE5}"
EndProject
Project("{9A19103F-16F7-4668-BE54-9A1E7A4F7556}") = "DiscountManagement.Configuration", "DiscountManagement.Configuration\DiscountManagement.Configuration.csproj", "{933E4FD2-A0F1-4273-9E24-2DBE1A3A4615}"
EndProject
Project("{2150E333-8FDC-42A3-9474-1A3956D46DE8}") = "InventoryManagement", "InventoryManagement", "{468F0538-292C-4036-9745-3B0D6D6B1E7B}"
EndProject
Project("{2150E333-8FDC-42A3-9474-1A3956D46DE8}") = "IM.Domain", "IM.Domain", "{F66D4787-49BC-4111-8A2A-5935AD3F0D41}"
EndProject
Project("{9A19103F-16F7-4668-BE54-9A1E7A4F7556}") = "InventoryManagement.Domain", "InventoryManagement.Domain\InventoryManagement.Domain.csproj", "{036FD2EE-54A7-4DA9-9BEB-E40F907C613C}"
EndProject
Project("{2150E333-8FDC-42A3-9474-1A3956D46DE8}") = "IM.Application", "IM.Application", "{9601A1C9-67FA-45EE-A148-B23FBB05CD8B}"
EndProject
Project("{9A19103F-16F7-4668-BE54-9A1E7A4F7556}") = "InventoryManagement.Application.Contract", "InventoryManagement.Application.Contract\InventoryManagement.Application.Contract.csproj", "{ABEE74F0-E0ED-4F98-A954-7B33AC9E5412}"
EndProject
Project("{2150E333-8FDC-42A3-9474-1A3956D46DE8}") = "IM.Infrastructure", "IM.Infrastructure", "{C6E2BA55-B873-480A-8E37-C5280BDFBC33}"
EndProject
Project("{9A19103F-16F7-4668-BE54-9A1E7A4F7556}") = "InventoryManagement.Infrastructure.EFCore", "InventoryManagement.Infrastructure.EFCore\InventoryManagement.Infrastructure.EFCore.csproj", "{10FBD081-2297-4DAE-B8AB-B1AB0A69CBBB}"
EndProject
Project("{9A19103F-16F7-4668-BE54-9A1E7A4F7556}") = "InventoryManagement.Infrastructure.Configuration", "InventoryManagement.Infrastructure.Configuration\InventoryManagement.Infrastructure.Configuration.csproj", "{586E23B9-0387-4977-A5C4-742444D44A14}"
EndProject
Project("{9A19103F-16F7-4668-BE54-9A1E7A4F7556}") = "InventoryManagement.Application", "InventoryManagement.Application\InventoryManagement.Application.csproj", "{3989DFA6-2D75-4135-A68F-BCD12B99BBDF}"
EndProject
Project("{2150E333-8FDC-42A3-9474-1A3956D46DE8}") = "BlogManagement", "BlogManagement", "{275B6D9F-0C95-4953-A7F8-8C4944D136FC}"
EndProject
Project("{2150E333-8FDC-42A3-9474-1A3956D46DE8}") = "BM.Domain", "BM.Domain", "{16D7945A-6CC6-470A-90D4-F3CB168772E6}"
EndProject
Project("{9A19103F-16F7-4668-BE54-9A1E7A4F7556}") = "BlogManagement.Domain", "BlogManagement.Domain\BlogManagement.Domain.csproj", "{A3516741-670C-49DB-A1CC-95719CEF9AB4}"
EndProject
Project("{2150E333-8FDC-42A3-9474-1A3956D46DE8}") = "BM.Application", "BM.Application", "{3D15735C-F671-44A0-9161-7FBAFB6D46FC}"
EndProject
Project("{9A19103F-16F7-4668-BE54-9A1E7A4F7556}") = "BlogManagement.Application.Contract", "BlogManagement.Application.Contract\BlogManagement.Application.Contract.csproj", "{354C51C9-7A54-4DFE-A8C2-BF86006A64D2}"
EndProject
Project("{9A19103F-16F7-4668-BE54-9A1E7A4F7556}") = "BlogManagement.Application", "BlogManagement.Application\BlogManagement.Application.csproj", "{7A12F1B1-EB66-4EBC-9EA2-923E613B2667}"
EndProject
Project("{2150E333-8FDC-42A3-9474-1A3956D46DE8}") = "BM.Infrastructure", "BM.Infrastructure", "{BD025034-A353-4966-8827-A7748D43C59A}"
EndProject
Project("{9A19103F-16F7-4668-BE54-9A1E7A4F7556}") = "BolgManagement.Infrastructure.EFCore", "BolgManagement.Infrastructure.EFCore\BolgManagement.Infrastructure.EFCore.csproj", "{D7CDD20E-0857-46B9-B494-B43893F68510}"
EndProject
Project("{9A19103F-16F7-4668-BE54-9A1E7A4F7556}") = "BlogManagement.Infrastructure.Configuration", "BlogManagement.Infrastructure.Configuration\BlogManagement.Infrastructure.Configuration.csproj", "{7061C09E-7C27-4A2A-99D2-CF330CE6383D}"
EndProject
Project("{2150E333-8FDC-42A3-9474-1A3956D46DE8}") = "CommentManagement", "CommentManagement", "{687EAB68-AD3F-47CB-B9F8-D8DF4137F4C1}"
EndProject
Project("{2150E333-8FDC-42A3-9474-1A3956D46DE8}") = "CM.Domain", "CM.Domain", "{836D7FE8-F570-4BB7-B3B4-F04A2BC83846}"
EndProject
Project("{9A19103F-16F7-4668-BE54-9A1E7A4F7556}") = "CommentManagement.Domain", "CommentManagement.Domain\CommentManagement.Domain.csproj", "{3E9D590C-D58F-4822-886C-06B052374613}"
EndProject
Project("{2150E333-8FDC-42A3-9474-1A3956D46DE8}") = "CM.Application", "CM.Application", "{DD1BB2FC-DDD3-43DA-8EBF-0C5AA9D148C8}"
EndProject
Project("{9A19103F-16F7-4668-BE54-9A1E7A4F7556}") = "CommentManagement.Application.Contract", "CommentManagement.Application.Contract\CommentManagement.Application.Contract.csproj", "{2D9B018E-C4EB-4EFD-8659-93514C25158B}"
EndProject
Project("{9A19103F-16F7-4668-BE54-9A1E7A4F7556}") = "CommentManagement.Application", "CommentManagement.Application\CommentManagement.Application.csproj", "{21A20B00-6BB8-46B6-88EF-3848975804D6}"
EndProject
Project("{2150E333-8FDC-42A3-9474-1A3956D46DE8}") = "CM.Infrastructure", "CM.Infrastructure", "{4D6C84FB-6102-494D-852A-CC54744BFEDA}"
EndProject
Project("{9A19103F-16F7-4668-BE54-9A1E7A4F7556}") = "CommentManagement.Infrastructure.EFCore", "CommentManagement.Infrastructure.EFCore\CommentManagement.Infrastructure.EFCore.csproj", "{3333C1D3-7367-440B-B5CB-9C9588BB51FD}"
EndProject
Project("{9A19103F-16F7-4668-BE54-9A1E7A4F7556}") = "CommentManagement.Infrastructure.Configuration", "CommentManagement.Infrastructure.Configuration\CommentManagement.Infrastructure.Configuration.csproj", "{FE6F42C4-3548-4EBE-BAB7-988D0D7D965B}"
EndProject
Project("{2150E333-8FDC-42A3-9474-1A3956D46DE8}") = "AccountManagement", "AccountManagement", "{25C6C565-D902-491F-BAA4-ED1E3C80AB93}"
EndProject
Project("{2150E333-8FDC-42A3-9474-1A3956D46DE8}") = "AM.Domain", "AM.Domain", "{4BADBD3D-E9FC-489A-A998-2153A094DEB4}"
EndProject
Project("{9A19103F-16F7-4668-BE54-9A1E7A4F7556}") = "AccountManagement.Domain", "AccountManagement.Domain\AccountManagement.Domain.csproj", "{F0AD241D-689F-4179-917A-1FC6781C69A0}"
EndProject
Project("{2150E333-8FDC-42A3-9474-1A3956D46DE8}") = "AM.Application", "AM.Application", "{895F6470-8A10-48F5-BC3C-D9A5017DC5B8}"
EndProject
Project("{9A19103F-16F7-4668-BE54-9A1E7A4F7556}") = "AccountManagement.Application.Contract", "AccountManagement.Application.Contract\AccountManagement.Application.Contract.csproj", "{D0467984-304C-443E-BA50-4672F89F853F}"
EndProject
Project("{2150E333-8FDC-42A3-9474-1A3956D46DE8}") = "AM.Infrastructure", "AM.Infrastructure", "{1E7F6611-5B74-46A6-A5C4-756BD676885D}"
EndProject
Project("{9A19103F-16F7-4668-BE54-9A1E7A4F7556}") = "AccountManagement.Infrastructure.EFCore", "AccountManagement.Infrastructure.EFCore\AccountManagement.Infrastructure.EFCore.csproj", "{9D229BFE-2B0E-4E8F-B29A-915140D3A145}"
EndProject
Project("{9A19103F-16F7-4668-BE54-9A1E7A4F7556}") = "AccountManagement.Application", "AccountManagement.Application\AccountManagement.Application.csproj", "{02626379-0D4B-4119-824E-CEFA08AB45FE}"
EndProject
Project("{9A19103F-16F7-4668-BE54-9A1E7A4F7556}") = "AccountManagement.Infrastructure.Configuration", "AccountManagement.Infrastructure.Configuration\AccountManagement.Infrastructure.Configuration.csproj", "{65C4D0D3-198A-4245-AB8A-E5ECB102B794}"
EndProject
Global
	GlobalSection(SolutionConfigurationPlatforms) = preSolution
		Debug|Any CPU = Debug|Any CPU
		Release|Any CPU = Release|Any CPU
	EndGlobalSection
	GlobalSection(ProjectConfigurationPlatforms) = postSolution
		{717C87CF-5D81-4E68-AB43-FB2DDA34DFB9}.Debug|Any CPU.ActiveCfg = Debug|Any CPU
		{717C87CF-5D81-4E68-AB43-FB2DDA34DFB9}.Debug|Any CPU.Build.0 = Debug|Any CPU
		{717C87CF-5D81-4E68-AB43-FB2DDA34DFB9}.Release|Any CPU.ActiveCfg = Release|Any CPU
		{717C87CF-5D81-4E68-AB43-FB2DDA34DFB9}.Release|Any CPU.Build.0 = Release|Any CPU
		{EBA71B86-04BB-4B7B-BCB5-B878CEEE6F1D}.Debug|Any CPU.ActiveCfg = Debug|Any CPU
		{EBA71B86-04BB-4B7B-BCB5-B878CEEE6F1D}.Debug|Any CPU.Build.0 = Debug|Any CPU
		{EBA71B86-04BB-4B7B-BCB5-B878CEEE6F1D}.Release|Any CPU.ActiveCfg = Release|Any CPU
		{EBA71B86-04BB-4B7B-BCB5-B878CEEE6F1D}.Release|Any CPU.Build.0 = Release|Any CPU
		{D1DE5CB1-C093-4E8A-9CAC-ED87F33251B3}.Debug|Any CPU.ActiveCfg = Debug|Any CPU
		{D1DE5CB1-C093-4E8A-9CAC-ED87F33251B3}.Debug|Any CPU.Build.0 = Debug|Any CPU
		{D1DE5CB1-C093-4E8A-9CAC-ED87F33251B3}.Release|Any CPU.ActiveCfg = Release|Any CPU
		{D1DE5CB1-C093-4E8A-9CAC-ED87F33251B3}.Release|Any CPU.Build.0 = Release|Any CPU
		{38C60BDC-AA96-48C7-9410-E1F6942CFE97}.Debug|Any CPU.ActiveCfg = Debug|Any CPU
		{38C60BDC-AA96-48C7-9410-E1F6942CFE97}.Debug|Any CPU.Build.0 = Debug|Any CPU
		{38C60BDC-AA96-48C7-9410-E1F6942CFE97}.Release|Any CPU.ActiveCfg = Release|Any CPU
		{38C60BDC-AA96-48C7-9410-E1F6942CFE97}.Release|Any CPU.Build.0 = Release|Any CPU
		{53424F58-82AD-4CDC-99BE-A9243608CDCD}.Debug|Any CPU.ActiveCfg = Debug|Any CPU
		{53424F58-82AD-4CDC-99BE-A9243608CDCD}.Debug|Any CPU.Build.0 = Debug|Any CPU
		{53424F58-82AD-4CDC-99BE-A9243608CDCD}.Release|Any CPU.ActiveCfg = Release|Any CPU
		{53424F58-82AD-4CDC-99BE-A9243608CDCD}.Release|Any CPU.Build.0 = Release|Any CPU
		{44A72286-954B-4B7B-8209-2C6E23FC9809}.Debug|Any CPU.ActiveCfg = Debug|Any CPU
		{44A72286-954B-4B7B-8209-2C6E23FC9809}.Debug|Any CPU.Build.0 = Debug|Any CPU
		{44A72286-954B-4B7B-8209-2C6E23FC9809}.Release|Any CPU.ActiveCfg = Release|Any CPU
		{44A72286-954B-4B7B-8209-2C6E23FC9809}.Release|Any CPU.Build.0 = Release|Any CPU
		{7717B9CA-488F-453E-9676-7ACA6E277DC8}.Debug|Any CPU.ActiveCfg = Debug|Any CPU
		{7717B9CA-488F-453E-9676-7ACA6E277DC8}.Debug|Any CPU.Build.0 = Debug|Any CPU
		{7717B9CA-488F-453E-9676-7ACA6E277DC8}.Release|Any CPU.ActiveCfg = Release|Any CPU
		{7717B9CA-488F-453E-9676-7ACA6E277DC8}.Release|Any CPU.Build.0 = Release|Any CPU
		{8788186E-63FF-4E4E-9480-1CD24711C61C}.Debug|Any CPU.ActiveCfg = Debug|Any CPU
		{8788186E-63FF-4E4E-9480-1CD24711C61C}.Debug|Any CPU.Build.0 = Debug|Any CPU
		{8788186E-63FF-4E4E-9480-1CD24711C61C}.Release|Any CPU.ActiveCfg = Release|Any CPU
		{8788186E-63FF-4E4E-9480-1CD24711C61C}.Release|Any CPU.Build.0 = Release|Any CPU
		{D5992A1F-6EE1-4049-8513-FA70D53E5C03}.Debug|Any CPU.ActiveCfg = Debug|Any CPU
		{D5992A1F-6EE1-4049-8513-FA70D53E5C03}.Debug|Any CPU.Build.0 = Debug|Any CPU
		{D5992A1F-6EE1-4049-8513-FA70D53E5C03}.Release|Any CPU.ActiveCfg = Release|Any CPU
		{D5992A1F-6EE1-4049-8513-FA70D53E5C03}.Release|Any CPU.Build.0 = Release|Any CPU
		{B2B4818A-CAF4-429C-A609-91EFBFD5C2AB}.Debug|Any CPU.ActiveCfg = Debug|Any CPU
		{B2B4818A-CAF4-429C-A609-91EFBFD5C2AB}.Debug|Any CPU.Build.0 = Debug|Any CPU
		{B2B4818A-CAF4-429C-A609-91EFBFD5C2AB}.Release|Any CPU.ActiveCfg = Release|Any CPU
		{B2B4818A-CAF4-429C-A609-91EFBFD5C2AB}.Release|Any CPU.Build.0 = Release|Any CPU
		{8646DFEA-772F-465C-BAEC-D6009A245B25}.Debug|Any CPU.ActiveCfg = Debug|Any CPU
		{8646DFEA-772F-465C-BAEC-D6009A245B25}.Debug|Any CPU.Build.0 = Debug|Any CPU
		{8646DFEA-772F-465C-BAEC-D6009A245B25}.Release|Any CPU.ActiveCfg = Release|Any CPU
		{8646DFEA-772F-465C-BAEC-D6009A245B25}.Release|Any CPU.Build.0 = Release|Any CPU
		{221B6DD6-A0CB-4DC9-9D3B-4D7DFC5A1BE5}.Debug|Any CPU.ActiveCfg = Debug|Any CPU
		{221B6DD6-A0CB-4DC9-9D3B-4D7DFC5A1BE5}.Debug|Any CPU.Build.0 = Debug|Any CPU
		{221B6DD6-A0CB-4DC9-9D3B-4D7DFC5A1BE5}.Release|Any CPU.ActiveCfg = Release|Any CPU
		{221B6DD6-A0CB-4DC9-9D3B-4D7DFC5A1BE5}.Release|Any CPU.Build.0 = Release|Any CPU
		{933E4FD2-A0F1-4273-9E24-2DBE1A3A4615}.Debug|Any CPU.ActiveCfg = Debug|Any CPU
		{933E4FD2-A0F1-4273-9E24-2DBE1A3A4615}.Debug|Any CPU.Build.0 = Debug|Any CPU
		{933E4FD2-A0F1-4273-9E24-2DBE1A3A4615}.Release|Any CPU.ActiveCfg = Release|Any CPU
		{933E4FD2-A0F1-4273-9E24-2DBE1A3A4615}.Release|Any CPU.Build.0 = Release|Any CPU
		{036FD2EE-54A7-4DA9-9BEB-E40F907C613C}.Debug|Any CPU.ActiveCfg = Debug|Any CPU
		{036FD2EE-54A7-4DA9-9BEB-E40F907C613C}.Debug|Any CPU.Build.0 = Debug|Any CPU
		{036FD2EE-54A7-4DA9-9BEB-E40F907C613C}.Release|Any CPU.ActiveCfg = Release|Any CPU
		{036FD2EE-54A7-4DA9-9BEB-E40F907C613C}.Release|Any CPU.Build.0 = Release|Any CPU
		{ABEE74F0-E0ED-4F98-A954-7B33AC9E5412}.Debug|Any CPU.ActiveCfg = Debug|Any CPU
		{ABEE74F0-E0ED-4F98-A954-7B33AC9E5412}.Debug|Any CPU.Build.0 = Debug|Any CPU
		{ABEE74F0-E0ED-4F98-A954-7B33AC9E5412}.Release|Any CPU.ActiveCfg = Release|Any CPU
		{ABEE74F0-E0ED-4F98-A954-7B33AC9E5412}.Release|Any CPU.Build.0 = Release|Any CPU
		{10FBD081-2297-4DAE-B8AB-B1AB0A69CBBB}.Debug|Any CPU.ActiveCfg = Debug|Any CPU
		{10FBD081-2297-4DAE-B8AB-B1AB0A69CBBB}.Debug|Any CPU.Build.0 = Debug|Any CPU
		{10FBD081-2297-4DAE-B8AB-B1AB0A69CBBB}.Release|Any CPU.ActiveCfg = Release|Any CPU
		{10FBD081-2297-4DAE-B8AB-B1AB0A69CBBB}.Release|Any CPU.Build.0 = Release|Any CPU
		{586E23B9-0387-4977-A5C4-742444D44A14}.Debug|Any CPU.ActiveCfg = Debug|Any CPU
		{586E23B9-0387-4977-A5C4-742444D44A14}.Debug|Any CPU.Build.0 = Debug|Any CPU
		{586E23B9-0387-4977-A5C4-742444D44A14}.Release|Any CPU.ActiveCfg = Release|Any CPU
		{586E23B9-0387-4977-A5C4-742444D44A14}.Release|Any CPU.Build.0 = Release|Any CPU
		{3989DFA6-2D75-4135-A68F-BCD12B99BBDF}.Debug|Any CPU.ActiveCfg = Debug|Any CPU
		{3989DFA6-2D75-4135-A68F-BCD12B99BBDF}.Debug|Any CPU.Build.0 = Debug|Any CPU
		{3989DFA6-2D75-4135-A68F-BCD12B99BBDF}.Release|Any CPU.ActiveCfg = Release|Any CPU
		{3989DFA6-2D75-4135-A68F-BCD12B99BBDF}.Release|Any CPU.Build.0 = Release|Any CPU
		{A3516741-670C-49DB-A1CC-95719CEF9AB4}.Debug|Any CPU.ActiveCfg = Debug|Any CPU
		{A3516741-670C-49DB-A1CC-95719CEF9AB4}.Debug|Any CPU.Build.0 = Debug|Any CPU
		{A3516741-670C-49DB-A1CC-95719CEF9AB4}.Release|Any CPU.ActiveCfg = Release|Any CPU
		{A3516741-670C-49DB-A1CC-95719CEF9AB4}.Release|Any CPU.Build.0 = Release|Any CPU
		{354C51C9-7A54-4DFE-A8C2-BF86006A64D2}.Debug|Any CPU.ActiveCfg = Debug|Any CPU
		{354C51C9-7A54-4DFE-A8C2-BF86006A64D2}.Debug|Any CPU.Build.0 = Debug|Any CPU
		{354C51C9-7A54-4DFE-A8C2-BF86006A64D2}.Release|Any CPU.ActiveCfg = Release|Any CPU
		{354C51C9-7A54-4DFE-A8C2-BF86006A64D2}.Release|Any CPU.Build.0 = Release|Any CPU
		{7A12F1B1-EB66-4EBC-9EA2-923E613B2667}.Debug|Any CPU.ActiveCfg = Debug|Any CPU
		{7A12F1B1-EB66-4EBC-9EA2-923E613B2667}.Debug|Any CPU.Build.0 = Debug|Any CPU
		{7A12F1B1-EB66-4EBC-9EA2-923E613B2667}.Release|Any CPU.ActiveCfg = Release|Any CPU
		{7A12F1B1-EB66-4EBC-9EA2-923E613B2667}.Release|Any CPU.Build.0 = Release|Any CPU
		{D7CDD20E-0857-46B9-B494-B43893F68510}.Debug|Any CPU.ActiveCfg = Debug|Any CPU
		{D7CDD20E-0857-46B9-B494-B43893F68510}.Debug|Any CPU.Build.0 = Debug|Any CPU
		{D7CDD20E-0857-46B9-B494-B43893F68510}.Release|Any CPU.ActiveCfg = Release|Any CPU
		{D7CDD20E-0857-46B9-B494-B43893F68510}.Release|Any CPU.Build.0 = Release|Any CPU
		{7061C09E-7C27-4A2A-99D2-CF330CE6383D}.Debug|Any CPU.ActiveCfg = Debug|Any CPU
		{7061C09E-7C27-4A2A-99D2-CF330CE6383D}.Debug|Any CPU.Build.0 = Debug|Any CPU
		{7061C09E-7C27-4A2A-99D2-CF330CE6383D}.Release|Any CPU.ActiveCfg = Release|Any CPU
		{7061C09E-7C27-4A2A-99D2-CF330CE6383D}.Release|Any CPU.Build.0 = Release|Any CPU
		{3E9D590C-D58F-4822-886C-06B052374613}.Debug|Any CPU.ActiveCfg = Debug|Any CPU
		{3E9D590C-D58F-4822-886C-06B052374613}.Debug|Any CPU.Build.0 = Debug|Any CPU
		{3E9D590C-D58F-4822-886C-06B052374613}.Release|Any CPU.ActiveCfg = Release|Any CPU
		{3E9D590C-D58F-4822-886C-06B052374613}.Release|Any CPU.Build.0 = Release|Any CPU
		{2D9B018E-C4EB-4EFD-8659-93514C25158B}.Debug|Any CPU.ActiveCfg = Debug|Any CPU
		{2D9B018E-C4EB-4EFD-8659-93514C25158B}.Debug|Any CPU.Build.0 = Debug|Any CPU
		{2D9B018E-C4EB-4EFD-8659-93514C25158B}.Release|Any CPU.ActiveCfg = Release|Any CPU
		{2D9B018E-C4EB-4EFD-8659-93514C25158B}.Release|Any CPU.Build.0 = Release|Any CPU
		{21A20B00-6BB8-46B6-88EF-3848975804D6}.Debug|Any CPU.ActiveCfg = Debug|Any CPU
		{21A20B00-6BB8-46B6-88EF-3848975804D6}.Debug|Any CPU.Build.0 = Debug|Any CPU
		{21A20B00-6BB8-46B6-88EF-3848975804D6}.Release|Any CPU.ActiveCfg = Release|Any CPU
		{21A20B00-6BB8-46B6-88EF-3848975804D6}.Release|Any CPU.Build.0 = Release|Any CPU
		{3333C1D3-7367-440B-B5CB-9C9588BB51FD}.Debug|Any CPU.ActiveCfg = Debug|Any CPU
		{3333C1D3-7367-440B-B5CB-9C9588BB51FD}.Debug|Any CPU.Build.0 = Debug|Any CPU
		{3333C1D3-7367-440B-B5CB-9C9588BB51FD}.Release|Any CPU.ActiveCfg = Release|Any CPU
		{3333C1D3-7367-440B-B5CB-9C9588BB51FD}.Release|Any CPU.Build.0 = Release|Any CPU
		{FE6F42C4-3548-4EBE-BAB7-988D0D7D965B}.Debug|Any CPU.ActiveCfg = Debug|Any CPU
		{FE6F42C4-3548-4EBE-BAB7-988D0D7D965B}.Debug|Any CPU.Build.0 = Debug|Any CPU
		{FE6F42C4-3548-4EBE-BAB7-988D0D7D965B}.Release|Any CPU.ActiveCfg = Release|Any CPU
		{FE6F42C4-3548-4EBE-BAB7-988D0D7D965B}.Release|Any CPU.Build.0 = Release|Any CPU
		{F0AD241D-689F-4179-917A-1FC6781C69A0}.Debug|Any CPU.ActiveCfg = Debug|Any CPU
		{F0AD241D-689F-4179-917A-1FC6781C69A0}.Debug|Any CPU.Build.0 = Debug|Any CPU
		{F0AD241D-689F-4179-917A-1FC6781C69A0}.Release|Any CPU.ActiveCfg = Release|Any CPU
		{F0AD241D-689F-4179-917A-1FC6781C69A0}.Release|Any CPU.Build.0 = Release|Any CPU
		{D0467984-304C-443E-BA50-4672F89F853F}.Debug|Any CPU.ActiveCfg = Debug|Any CPU
		{D0467984-304C-443E-BA50-4672F89F853F}.Debug|Any CPU.Build.0 = Debug|Any CPU
		{D0467984-304C-443E-BA50-4672F89F853F}.Release|Any CPU.ActiveCfg = Release|Any CPU
		{D0467984-304C-443E-BA50-4672F89F853F}.Release|Any CPU.Build.0 = Release|Any CPU
		{9D229BFE-2B0E-4E8F-B29A-915140D3A145}.Debug|Any CPU.ActiveCfg = Debug|Any CPU
		{9D229BFE-2B0E-4E8F-B29A-915140D3A145}.Debug|Any CPU.Build.0 = Debug|Any CPU
		{9D229BFE-2B0E-4E8F-B29A-915140D3A145}.Release|Any CPU.ActiveCfg = Release|Any CPU
		{9D229BFE-2B0E-4E8F-B29A-915140D3A145}.Release|Any CPU.Build.0 = Release|Any CPU
		{02626379-0D4B-4119-824E-CEFA08AB45FE}.Debug|Any CPU.ActiveCfg = Debug|Any CPU
		{02626379-0D4B-4119-824E-CEFA08AB45FE}.Debug|Any CPU.Build.0 = Debug|Any CPU
		{02626379-0D4B-4119-824E-CEFA08AB45FE}.Release|Any CPU.ActiveCfg = Release|Any CPU
		{02626379-0D4B-4119-824E-CEFA08AB45FE}.Release|Any CPU.Build.0 = Release|Any CPU
		{65C4D0D3-198A-4245-AB8A-E5ECB102B794}.Debug|Any CPU.ActiveCfg = Debug|Any CPU
		{65C4D0D3-198A-4245-AB8A-E5ECB102B794}.Debug|Any CPU.Build.0 = Debug|Any CPU
		{65C4D0D3-198A-4245-AB8A-E5ECB102B794}.Release|Any CPU.ActiveCfg = Release|Any CPU
		{65C4D0D3-198A-4245-AB8A-E5ECB102B794}.Release|Any CPU.Build.0 = Release|Any CPU
	EndGlobalSection
	GlobalSection(SolutionProperties) = preSolution
		HideSolutionNode = FALSE
	EndGlobalSection
	GlobalSection(NestedProjects) = preSolution
		{990C76E4-8331-4C4F-B9FC-340790F7FF5A} = {4D3A561E-8C70-4D7A-AA5A-BE5F5ACDDF9E}
		{717C87CF-5D81-4E68-AB43-FB2DDA34DFB9} = {990C76E4-8331-4C4F-B9FC-340790F7FF5A}
		{FA37CB1E-91B7-4B6A-A89C-3BCC073021B5} = {4D3A561E-8C70-4D7A-AA5A-BE5F5ACDDF9E}
		{D1DE5CB1-C093-4E8A-9CAC-ED87F33251B3} = {FA37CB1E-91B7-4B6A-A89C-3BCC073021B5}
		{38C60BDC-AA96-48C7-9410-E1F6942CFE97} = {FA37CB1E-91B7-4B6A-A89C-3BCC073021B5}
		{FA861D13-6B7F-450E-8499-37D8DF185CD6} = {4D3A561E-8C70-4D7A-AA5A-BE5F5ACDDF9E}
		{53424F58-82AD-4CDC-99BE-A9243608CDCD} = {FA861D13-6B7F-450E-8499-37D8DF185CD6}
		{44A72286-954B-4B7B-8209-2C6E23FC9809} = {FA861D13-6B7F-450E-8499-37D8DF185CD6}
		{0812593F-2E75-4CA4-A9AA-0F53C87CD7C3} = {21CBEE13-74B2-4034-B9D6-66DAB9379DB4}
		{D5992A1F-6EE1-4049-8513-FA70D53E5C03} = {0812593F-2E75-4CA4-A9AA-0F53C87CD7C3}
		{204D8AB3-1A18-4151-B530-4CD4ABA5B5A1} = {21CBEE13-74B2-4034-B9D6-66DAB9379DB4}
		{B2B4818A-CAF4-429C-A609-91EFBFD5C2AB} = {204D8AB3-1A18-4151-B530-4CD4ABA5B5A1}
		{8646DFEA-772F-465C-BAEC-D6009A245B25} = {204D8AB3-1A18-4151-B530-4CD4ABA5B5A1}
		{31736361-C13E-468F-BE52-66A6BF74DC49} = {21CBEE13-74B2-4034-B9D6-66DAB9379DB4}
		{221B6DD6-A0CB-4DC9-9D3B-4D7DFC5A1BE5} = {31736361-C13E-468F-BE52-66A6BF74DC49}
		{933E4FD2-A0F1-4273-9E24-2DBE1A3A4615} = {31736361-C13E-468F-BE52-66A6BF74DC49}
		{F66D4787-49BC-4111-8A2A-5935AD3F0D41} = {468F0538-292C-4036-9745-3B0D6D6B1E7B}
		{036FD2EE-54A7-4DA9-9BEB-E40F907C613C} = {F66D4787-49BC-4111-8A2A-5935AD3F0D41}
		{9601A1C9-67FA-45EE-A148-B23FBB05CD8B} = {468F0538-292C-4036-9745-3B0D6D6B1E7B}
		{ABEE74F0-E0ED-4F98-A954-7B33AC9E5412} = {9601A1C9-67FA-45EE-A148-B23FBB05CD8B}
		{C6E2BA55-B873-480A-8E37-C5280BDFBC33} = {468F0538-292C-4036-9745-3B0D6D6B1E7B}
		{10FBD081-2297-4DAE-B8AB-B1AB0A69CBBB} = {C6E2BA55-B873-480A-8E37-C5280BDFBC33}
		{586E23B9-0387-4977-A5C4-742444D44A14} = {C6E2BA55-B873-480A-8E37-C5280BDFBC33}
		{3989DFA6-2D75-4135-A68F-BCD12B99BBDF} = {9601A1C9-67FA-45EE-A148-B23FBB05CD8B}
		{16D7945A-6CC6-470A-90D4-F3CB168772E6} = {275B6D9F-0C95-4953-A7F8-8C4944D136FC}
		{A3516741-670C-49DB-A1CC-95719CEF9AB4} = {16D7945A-6CC6-470A-90D4-F3CB168772E6}
		{3D15735C-F671-44A0-9161-7FBAFB6D46FC} = {275B6D9F-0C95-4953-A7F8-8C4944D136FC}
		{354C51C9-7A54-4DFE-A8C2-BF86006A64D2} = {3D15735C-F671-44A0-9161-7FBAFB6D46FC}
		{7A12F1B1-EB66-4EBC-9EA2-923E613B2667} = {3D15735C-F671-44A0-9161-7FBAFB6D46FC}
		{BD025034-A353-4966-8827-A7748D43C59A} = {275B6D9F-0C95-4953-A7F8-8C4944D136FC}
		{D7CDD20E-0857-46B9-B494-B43893F68510} = {BD025034-A353-4966-8827-A7748D43C59A}
		{7061C09E-7C27-4A2A-99D2-CF330CE6383D} = {BD025034-A353-4966-8827-A7748D43C59A}
		{836D7FE8-F570-4BB7-B3B4-F04A2BC83846} = {687EAB68-AD3F-47CB-B9F8-D8DF4137F4C1}
		{3E9D590C-D58F-4822-886C-06B052374613} = {836D7FE8-F570-4BB7-B3B4-F04A2BC83846}
		{DD1BB2FC-DDD3-43DA-8EBF-0C5AA9D148C8} = {687EAB68-AD3F-47CB-B9F8-D8DF4137F4C1}
		{2D9B018E-C4EB-4EFD-8659-93514C25158B} = {DD1BB2FC-DDD3-43DA-8EBF-0C5AA9D148C8}
		{21A20B00-6BB8-46B6-88EF-3848975804D6} = {DD1BB2FC-DDD3-43DA-8EBF-0C5AA9D148C8}
		{4D6C84FB-6102-494D-852A-CC54744BFEDA} = {687EAB68-AD3F-47CB-B9F8-D8DF4137F4C1}
		{3333C1D3-7367-440B-B5CB-9C9588BB51FD} = {4D6C84FB-6102-494D-852A-CC54744BFEDA}
		{FE6F42C4-3548-4EBE-BAB7-988D0D7D965B} = {4D6C84FB-6102-494D-852A-CC54744BFEDA}
		{4BADBD3D-E9FC-489A-A998-2153A094DEB4} = {25C6C565-D902-491F-BAA4-ED1E3C80AB93}
		{F0AD241D-689F-4179-917A-1FC6781C69A0} = {4BADBD3D-E9FC-489A-A998-2153A094DEB4}
		{895F6470-8A10-48F5-BC3C-D9A5017DC5B8} = {25C6C565-D902-491F-BAA4-ED1E3C80AB93}
		{D0467984-304C-443E-BA50-4672F89F853F} = {895F6470-8A10-48F5-BC3C-D9A5017DC5B8}
		{1E7F6611-5B74-46A6-A5C4-756BD676885D} = {25C6C565-D902-491F-BAA4-ED1E3C80AB93}
		{9D229BFE-2B0E-4E8F-B29A-915140D3A145} = {1E7F6611-5B74-46A6-A5C4-756BD676885D}
		{02626379-0D4B-4119-824E-CEFA08AB45FE} = {895F6470-8A10-48F5-BC3C-D9A5017DC5B8}
		{65C4D0D3-198A-4245-AB8A-E5ECB102B794} = {1E7F6611-5B74-46A6-A5C4-756BD676885D}
	EndGlobalSection
	GlobalSection(ExtensibilityGlobals) = postSolution
		SolutionGuid = {C884AB55-B1CA-44D9-9FBD-CF3941217C00}
	EndGlobalSection
EndGlobal
